
Microsoft Visual Studio Solution File, Format Version 12.00
# Visual Studio Version 17
VisualStudioVersion = 17.0.32014.148
MinimumVisualStudioVersion = 10.0.40219.1
Project("{FAE04EC0-301F-11D3-BF4B-00C04F79EFBC}") = "MVCFirstApp", "MVCFirstApp.csproj", "{6522BF3D-A95D-4E21-8632-9715C6D1D29C}"
EndProject
Global
	GlobalSection(SolutionConfigurationPlatforms) = preSolution
		Debug|Any CPU = Debug|Any CPU
		Release|Any CPU = Release|Any CPU
	EndGlobalSection
	GlobalSection(ProjectConfigurationPlatforms) = postSolution
		{6522BF3D-A95D-4E21-8632-9715C6D1D29C}.Debug|Any CPU.ActiveCfg = Debug|Any CPU
		{6522BF3D-A95D-4E21-8632-9715C6D1D29C}.Debug|Any CPU.Build.0 = Debug|Any CPU
		{6522BF3D-A95D-4E21-8632-9715C6D1D29C}.Release|Any CPU.ActiveCfg = Release|Any CPU
		{6522BF3D-A95D-4E21-8632-9715C6D1D29C}.Release|Any CPU.Build.0 = Release|Any CPU
	EndGlobalSection
	GlobalSection(SolutionProperties) = preSolution
		HideSolutionNode = FALSE
	EndGlobalSection
	GlobalSection(ExtensibilityGlobals) = postSolution
		SolutionGuid = {31D47CE6-9917-4317-B2B6-A6D17913AB0E}
	EndGlobalSection
EndGlobal
